<Solution>
  <Folder Name="/Engine.Features/" />
  <Folder Name="/Engine.Features/Animation/">
    <Project Path="src/Engine.Features/Animation.Tests/Animation.Tests.csproj" />
    <Project Path="src/Engine.Features/Animation/Animation.csproj" />
  </Folder>
  <Folder Name="/Engine.Features/Audio/">
    <Project Path="src/Engine.Features/Audio.Tests/Audio.Tests.csproj" />
    <Project Path="src/Engine.Features/Audio/Audio.csproj" />
  </Folder>
  <Folder Name="/Engine.Hosting/">
    <Project Path="src/Engine.Hosting.Tests/Engine.Hosting.Tests.csproj" />
    <Project Path="src/Engine.Hosting/Engine.Hosting.csproj" />
  </Folder>
  <Folder Name="/Engine.Features/Camera/">
    <Project Path="src/Engine.Features/Camera.Tests/Camera.Tests.csproj" />
    <Project Path="src/Engine.Features/Camera.VisualTests/Camera.VisualTests.csproj" />
    <Project Path="src/Engine.Features/Camera/Camera.csproj" />
  </Folder>
  <Folder Name="/Engine.Features/Bloom/">
    <Project Path="src/Engine.Features/Bloom.Tests/Bloom.Tests.csproj" />
    <Project Path="src/Engine.Features/Bloom/Bloom.csproj" />
  </Folder>
  <Folder Name="/Engine.Features/ContentAssets/">
    <Project Path="src/Engine.Features/ContentAssets.Tests/ContentAssets.Tests.csproj" />
    <Project Path="src/Engine.Features/ContentAssets/ContentAssets.csproj" />
  </Folder>
  <Folder Name="/Engine.Features/RenderPipeline/">
    <Project Path="src/Engine.Features/RenderPipeline.Tests/RenderPipeline.Tests.csproj" />
    <Project Path="src/Engine.Features/RenderPipeline.VisualTests/RenderPipeline.VisualTests.csproj" />
    <Project Path="src/Engine.Features/RenderPipeline/RenderPipeline.csproj" />
  </Folder>
  <Folder Name="/Engine.Features/Presentation/">
    <Project Path="src/Engine.Features/Presentation.Tests/Presentation.Tests.csproj" />
    <Project Path="src/Engine.Features/Presentation/Presentation.csproj" />
  </Folder>
  <Folder Name="/Engine.Features/Replay/">
    <Project Path="src/Engine.Features/Replay.Tests/Replay.Tests.csproj" />
    <Project Path="src/Engine.Features/Replay/Replay.csproj" />
  </Folder>
  <Folder Name="/Engine.Features/SceneSystem/">
    <Project Path="src/Engine.Features/SceneSystem.Tests/SceneSystem.Tests.csproj" />
    <Project Path="src/Engine.Features/SceneSystem.VisualTests/SceneSystem.VisualTests.csproj" />
    <Project Path="src/Engine.Features/SceneSystem/SceneSystem.csproj" />
  </Folder>
  <Folder Name="/Engine.Features/ShaderAssets/">
    <Project Path="src/Engine.Features/ShaderAssets.Tests/ShaderAssets.Tests.csproj" />
    <Project Path="src/Engine.Features/ShaderAssets/ShaderAssets.csproj" />
  </Folder>
  <Folder Name="/Engine.Features/StencilMasking/">
    <Project Path="src/Engine.Features/StencilMasking.Tests/StencilMasking.Tests.csproj" />
    <Project Path="src/Engine.Features/StencilMasking.VisualTests/StencilMasking.VisualTests.csproj" />
    <Project Path="src/Engine.Features/StencilMasking/StencilMasking.csproj" />
  </Folder>
  <Folder Name="/Engine.Features/TextureAssets/">
    <Project Path="src/Engine.Features/TextureAssets.Tests/TextureAssets.Tests.csproj" />
    <Project Path="src/Engine.Features/TextureAssets/TextureAssets.csproj" />
  </Folder>
  <Folder Name="/Engine.Features/TextureAtlas/">
    <Project Path="src/Engine.Features/TextureAtlas.Tests/TextureAtlas.Tests.csproj" />
    <Project Path="src/Engine.Features/TextureAtlas/TextureAtlas.csproj" />
  </Folder>
  <Folder Name="/Engine.Features/TextRendering/">
    <Project Path="src/Engine.Features/TextRendering.Tests/TextRendering.Tests.csproj" />
    <Project Path="src/Engine.Features/TextRendering.VisualTests/TextRendering.VisualTests.csproj" />
    <Project Path="src/Engine.Features/TextRendering/TextRendering.csproj" />
  </Folder>
  <Folder Name="/Engine.Features/TransformHierarchy/">
    <Project Path="src/Engine.Features/TransformHierarchy.Tests/TransformHierarchy.Tests.csproj" />
    <Project Path="src/Engine.Features/TransformHierarchy/TransformHierarchy.csproj" />
  </Folder>
  <Folder Name="/Engine.Features/ToneMapping/">
    <Project Path="src/Engine.Features/ToneMapping.Tests/ToneMapping.Tests.csproj" />
    <Project Path="src/Engine.Features/ToneMapping/ToneMapping.csproj" />
  </Folder>
  <Folder Name="/Engine.Features/Sprites/">
    <Project Path="src/Engine.Features/Sprites.Tests/Sprites.Tests.csproj" />
    <Project Path="src/Engine.Features/Sprites.VisualTests/Sprites.VisualTests.csproj" />
    <Project Path="src/Engine.Features/Sprites/Sprites.csproj" />
  </Folder>
  <!-- Engine.Core 共享内核 -->
  <Project Path="src/Engine.Core/Engine.Core.csproj" />

  <!-- 引擎综合测试 & 主程序 -->
  <Project Path="src/Engine.DddTests/Engine.DddTests.csproj" />
  <Folder Name="/Engine.Testing/">
    <Project Path="src/Engine.PerformanceBenchmarks/Engine.PerformanceBenchmarks.csproj" />
    <Project Path="src/Engine.Testing.Visual/Engine.Testing.Visual.csproj" />
    <Project Path="src/Engine.VisualRegressionTests/Engine.VisualRegressionTests.csproj" />
  </Folder>
  <Folder Name="/Engine.Build/">
    <Project Path="src/Engine.Build.ContentPipeline/Engine.Build.ContentPipeline.csproj" />
    <Project Path="src/Engine.Build.ContentPipeline.Tests/Engine.Build.ContentPipeline.Tests.csproj" />
  </Folder>
  <Folder Name="/Engine.Distribution/">
    <Project Path="src/Engine.Distribution.GameSdk/Engine.Distribution.GameSdk.csproj" />
    <Project Path="src/Engine.Distribution.Tests/Engine.Distribution.Tests.csproj" />
    <Project Path="src/Engine.Templates/Engine.Templates.csproj" />
  </Folder>
  <Folder Name="/Engine.Tools/AssetCompiler/">
    <Project Path="src/Engine.Tools.AssetCompiler.Tests/Engine.Tools.AssetCompiler.Tests.csproj" />
    <Project Path="src/Engine.Tools.AssetCompiler/Engine.Tools.AssetCompiler.csproj" />
  </Folder>
  <Folder Name="/Engine.Tools/Cli/">
    <Project Path="src/Engine.Tools.Cli.Tests/Engine.Tools.Cli.Tests.csproj" />
    <Project Path="src/Engine.Tools.Cli/Engine.Tools.Cli.csproj" />
  </Folder>
  <Project Path="src/MyGame.Runner/MyGame.Runner.csproj" />
  <Folder Name="/Playgrounds/">
    <Project Path="playgrounds/AirplaneShooter/AirplaneShooter.csproj" />
    <Project Path="playgrounds/Asteroids/Asteroids.csproj" />
  </Folder>
</Solution>
